# This file is automatically @generated by Cargo.
# It is not intended for manual editing.
version = 4

[[package]]
name = "IACP-Experimental"
version = "0.1.0"
dependencies = [
 "iacp_core",
]

[[package]]
name = "iacp_core"
version = "0.1.0"
source = "git+https://github.com/iacp-protocol/Core.git?tag=core-v0.1#461d3d37dbba45c9af179ee2db906851f931afe3"
